# THIS IS AN AUTOGENERATED FILE. DO NOT EDIT THIS FILE DIRECTLY.
# yarn lockfile v1


"@ethersproject/bignumber@^5.5.0":
  version "5.5.0"
  resolved "https://registry.yarnpkg.com/@ethersproject/bignumber/-/bignumber-5.5.0.tgz#875b143f04a216f4f8b96245bde942d42d279527"
  integrity sha512-6Xytlwvy6Rn3U3gKEc1vP7nR92frHkv6wtVr95LFR3jREXiCPzdWxKQ1cx4JGQBXxcguAwjA8murlYN2TSiEbg==
  dependencies:
    "@ethersproject/bytes" "^5.5.0"
    "@ethersproject/logger" "^5.5.0"
    bn.js "^4.11.9"

"@ethersproject/bytes@^5.5.0":
  version "5.5.0"
  resolved "https://registry.yarnpkg.com/@ethersproject/bytes/-/bytes-5.5.0.tgz#cb11c526de657e7b45d2e0f0246fb3b9d29a601c"
  integrity sha512-ABvc7BHWhZU9PNM/tANm/Qx4ostPGadAuQzWTr3doklZOhDlmcBqclrQe/ZXUIj3K8wC28oYeuRa+A37tX9kog==
  dependencies:
    "@ethersproject/logger" "^5.5.0"

"@ethersproject/constants@^5.5.0":
  version "5.5.0"
  resolved "https://registry.yarnpkg.com/@ethersproject/constants/-/constants-5.5.0.tgz#d2a2cd7d94bd1d58377d1d66c4f53c9be4d0a45e"
  integrity sha512-2MsRRVChkvMWR+GyMGY4N1sAX9Mt3J9KykCsgUFd/1mwS0UH1qw+Bv9k1UJb3X3YJYFco9H20pjSlOIfCG5HYQ==
  dependencies:
    "@ethersproject/bignumber" "^5.5.0"

"@ethersproject/logger@^5.5.0":
  version "5.5.0"
  resolved "https://registry.yarnpkg.com/@ethersproject/logger/-/logger-5.5.0.tgz#0c2caebeff98e10aefa5aef27d7441c7fd18cf5d"
  integrity sha512-rIY/6WPm7T8n3qS2vuHTUBPdXHl+rGxWxW5okDfo9J4Z0+gRRZT0msvUdIJkE4/HS29GUMziwGaaKO2bWONBrg==

"@ethersproject/units@^5.5.0":
  version "5.5.0"
  resolved "https://registry.yarnpkg.com/@ethersproject/units/-/units-5.5.0.tgz#104d02db5b5dc42cc672cc4587bafb87a95ee45e"
  integrity sha512-7+DpjiZk4v6wrikj+TCyWWa9dXLNU73tSTa7n0TSJDxkYbV3Yf1eRh9ToMLlZtuctNYu9RDNNy2USq3AdqSbag==
  dependencies:
    "@ethersproject/bignumber" "^5.5.0"
    "@ethersproject/constants" "^5.5.0"
    "@ethersproject/logger" "^5.5.0"

bn.js@^4.11.9:
  version "4.12.0"
  resolved "https://registry.yarnpkg.com/bn.js/-/bn.js-4.12.0.tgz#775b3f278efbb9718eec7361f483fb36fbbfea88"
  integrity sha512-c98Bf3tPniI+scsdk237ku1Dc3ujXQTSgyiPUDEOe7tRkhrqridvh8klBv0HCEso1OLOYcHuCv/cS6DNxKH+ZA==
